// !$*UTF8*$!
{
	archiveVersion = 1;
	classes = {
	};
	objectVersion = 55;
	objects = {

/* Begin PBXBuildFile section */
		06F248F0B94F56663B7049E2 /* Pods_RastreioCorreios.framework in Frameworks */ = {isa = PBXBuildFile; fileRef = F198ED5D671DC0C33135C3D0 /* Pods_RastreioCorreios.framework */; };
		5700F9C7273654CD0033E0F3 /* PackageListViewController.swift in Sources */ = {isa = PBXBuildFile; fileRef = 5700F9C6273654CD0033E0F3 /* PackageListViewController.swift */; };
		5700F9CA27365AB50033E0F3 /* PackageTableViewCell.swift in Sources */ = {isa = PBXBuildFile; fileRef = 5700F9C927365AB50033E0F3 /* PackageTableViewCell.swift */; };
		5700F9CD27365B650033E0F3 /* PackageStruct.swift in Sources */ = {isa = PBXBuildFile; fileRef = 5700F9CC27365B650033E0F3 /* PackageStruct.swift */; };
		5700F9CF27365C4D0033E0F3 /* EventStruct.swift in Sources */ = {isa = PBXBuildFile; fileRef = 5700F9CE27365C4D0033E0F3 /* EventStruct.swift */; };
		57C7FE2027364E420046D27D /* AppDelegate.swift in Sources */ = {isa = PBXBuildFile; fileRef = 57C7FE1F27364E420046D27D /* AppDelegate.swift */; };
		57C7FE2227364E420046D27D /* SceneDelegate.swift in Sources */ = {isa = PBXBuildFile; fileRef = 57C7FE2127364E420046D27D /* SceneDelegate.swift */; };
		57C7FE2727364E420046D27D /* Main.storyboard in Resources */ = {isa = PBXBuildFile; fileRef = 57C7FE2527364E420046D27D /* Main.storyboard */; };
		57C7FE2A27364E420046D27D /* CarList.xcdatamodeld in Sources */ = {isa = PBXBuildFile; fileRef = 57C7FE2827364E420046D27D /* CarList.xcdatamodeld */; };
		57C7FE2C27364E430046D27D /* Assets.xcassets in Resources */ = {isa = PBXBuildFile; fileRef = 57C7FE2B27364E430046D27D /* Assets.xcassets */; };
		57C7FE2F27364E430046D27D /* LaunchScreen.storyboard in Resources */ = {isa = PBXBuildFile; fileRef = 57C7FE2D27364E430046D27D /* LaunchScreen.storyboard */; };
/* End PBXBuildFile section */

/* Begin PBXFileReference section */
		1B7930E25A0FB2E69D3C1443 /* Pods-RastreioCorreios.release.xcconfig */ = {isa = PBXFileReference; includeInIndex = 1; lastKnownFileType = text.xcconfig; name = "Pods-RastreioCorreios.release.xcconfig"; path = "Target Support Files/Pods-RastreioCorreios/Pods-RastreioCorreios.release.xcconfig"; sourceTree = "<group>"; };
		5700F9C6273654CD0033E0F3 /* PackageListViewController.swift */ = {isa = PBXFileReference; lastKnownFileType = sourcecode.swift; path = PackageListViewController.swift; sourceTree = "<group>"; };
		5700F9C927365AB50033E0F3 /* PackageTableViewCell.swift */ = {isa = PBXFileReference; lastKnownFileType = sourcecode.swift; path = PackageTableViewCell.swift; sourceTree = "<group>"; };
		5700F9CC27365B650033E0F3 /* PackageStruct.swift */ = {isa = PBXFileReference; lastKnownFileType = sourcecode.swift; path = PackageStruct.swift; sourceTree = "<group>"; };
		5700F9CE27365C4D0033E0F3 /* EventStruct.swift */ = {isa = PBXFileReference; lastKnownFileType = sourcecode.swift; path = EventStruct.swift; sourceTree = "<group>"; };
		57C7FE1C27364E420046D27D /* RastreioCorreios.app */ = {isa = PBXFileReference; explicitFileType = wrapper.application; includeInIndex = 0; path = RastreioCorreios.app; sourceTree = BUILT_PRODUCTS_DIR; };
		57C7FE1F27364E420046D27D /* AppDelegate.swift */ = {isa = PBXFileReference; lastKnownFileType = sourcecode.swift; path = AppDelegate.swift; sourceTree = "<group>"; };
		57C7FE2127364E420046D27D /* SceneDelegate.swift */ = {isa = PBXFileReference; lastKnownFileType = sourcecode.swift; path = SceneDelegate.swift; sourceTree = "<group>"; };
		57C7FE2627364E420046D27D /* Base */ = {isa = PBXFileReference; lastKnownFileType = file.storyboard; name = Base; path = Base.lproj/Main.storyboard; sourceTree = "<group>"; };
		57C7FE2927364E420046D27D /* CarList.xcdatamodel */ = {isa = PBXFileReference; lastKnownFileType = wrapper.xcdatamodel; path = CarList.xcdatamodel; sourceTree = "<group>"; };
		57C7FE2B27364E430046D27D /* Assets.xcassets */ = {isa = PBXFileReference; lastKnownFileType = folder.assetcatalog; path = Assets.xcassets; sourceTree = "<group>"; };
		57C7FE2E27364E430046D27D /* Base */ = {isa = PBXFileReference; lastKnownFileType = file.storyboard; name = Base; path = Base.lproj/LaunchScreen.storyboard; sourceTree = "<group>"; };
		57C7FE3027364E430046D27D /* Info.plist */ = {isa = PBXFileReference; lastKnownFileType = text.plist.xml; path = Info.plist; sourceTree = "<group>"; };
		82332E6439956BF35EA9EA85 /* Pods-RastreioCorreios.debug.xcconfig */ = {isa = PBXFileReference; includeInIndex = 1; lastKnownFileType = text.xcconfig; name = "Pods-RastreioCorreios.debug.xcconfig"; path = "Target Support Files/Pods-RastreioCorreios/Pods-RastreioCorreios.debug.xcconfig"; sourceTree = "<group>"; };
		8AA05CE596F6E3E6046B67F5 /* Pods-CarList.debug.xcconfig */ = {isa = PBXFileReference; includeInIndex = 1; lastKnownFileType = text.xcconfig; name = "Pods-CarList.debug.xcconfig"; path = "Target Support Files/Pods-CarList/Pods-CarList.debug.xcconfig"; sourceTree = "<group>"; };
		D25A0DF1D7BA83BE3C943136 /* Pods-CarList.release.xcconfig */ = {isa = PBXFileReference; includeInIndex = 1; lastKnownFileType = text.xcconfig; name = "Pods-CarList.release.xcconfig"; path = "Target Support Files/Pods-CarList/Pods-CarList.release.xcconfig"; sourceTree = "<group>"; };
		F198ED5D671DC0C33135C3D0 /* Pods_RastreioCorreios.framework */ = {isa = PBXFileReference; explicitFileType = wrapper.framework; includeInIndex = 0; path = Pods_RastreioCorreios.framework; sourceTree = BUILT_PRODUCTS_DIR; };
/* End PBXFileReference section */

/* Begin PBXFrameworksBuildPhase section */
		57C7FE1927364E420046D27D /* Frameworks */ = {
			isa = PBXFrameworksBuildPhase;
			buildActionMask = 2147483647;
			files = (
				06F248F0B94F56663B7049E2 /* Pods_RastreioCorreios.framework in Frameworks */,
			);
			runOnlyForDeploymentPostprocessing = 0;
		};
/* End PBXFrameworksBuildPhase section */

/* Begin PBXGroup section */
		54BDBA1E256D8C89D41389AD /* Frameworks */ = {
			isa = PBXGroup;
			children = (
				F198ED5D671DC0C33135C3D0 /* Pods_RastreioCorreios.framework */,
			);
			name = Frameworks;
			sourceTree = "<group>";
		};
		5700F9C5273654A40033E0F3 /* views */ = {
			isa = PBXGroup;
			children = (
				5700F9C6273654CD0033E0F3 /* PackageListViewController.swift */,
			);
			path = views;
			sourceTree = "<group>";
		};
		5700F9C827365A750033E0F3 /* cells */ = {
			isa = PBXGroup;
			children = (
				5700F9C927365AB50033E0F3 /* PackageTableViewCell.swift */,
			);
			path = cells;
			sourceTree = "<group>";
		};
		5700F9CB27365B510033E0F3 /* model */ = {
			isa = PBXGroup;
			children = (
				5700F9CC27365B650033E0F3 /* PackageStruct.swift */,
				5700F9CE27365C4D0033E0F3 /* EventStruct.swift */,
			);
			path = model;
			sourceTree = "<group>";
		};
		57C7FE1327364E420046D27D = {
			isa = PBXGroup;
			children = (
				57C7FE1E27364E420046D27D /* RastreioCorreios */,
				57C7FE1D27364E420046D27D /* Products */,
				68AAC0B7B81DF762D035C0D6 /* Pods */,
				54BDBA1E256D8C89D41389AD /* Frameworks */,
			);
			sourceTree = "<group>";
		};
		57C7FE1D27364E420046D27D /* Products */ = {
			isa = PBXGroup;
			children = (
				57C7FE1C27364E420046D27D /* RastreioCorreios.app */,
			);
			name = Products;
			sourceTree = "<group>";
		};
		57C7FE1E27364E420046D27D /* RastreioCorreios */ = {
			isa = PBXGroup;
			children = (
				5700F9CB27365B510033E0F3 /* model */,
				5700F9C827365A750033E0F3 /* cells */,
				5700F9C5273654A40033E0F3 /* views */,
				57C7FE1F27364E420046D27D /* AppDelegate.swift */,
				57C7FE2127364E420046D27D /* SceneDelegate.swift */,
				57C7FE2527364E420046D27D /* Main.storyboard */,
				57C7FE2B27364E430046D27D /* Assets.xcassets */,
				57C7FE2D27364E430046D27D /* LaunchScreen.storyboard */,
				57C7FE3027364E430046D27D /* Info.plist */,
				57C7FE2827364E420046D27D /* CarList.xcdatamodeld */,
			);
			path = RastreioCorreios;
			sourceTree = "<group>";
		};
		68AAC0B7B81DF762D035C0D6 /* Pods */ = {
			isa = PBXGroup;
			children = (
				8AA05CE596F6E3E6046B67F5 /* Pods-CarList.debug.xcconfig */,
				D25A0DF1D7BA83BE3C943136 /* Pods-CarList.release.xcconfig */,
				82332E6439956BF35EA9EA85 /* Pods-RastreioCorreios.debug.xcconfig */,
				1B7930E25A0FB2E69D3C1443 /* Pods-RastreioCorreios.release.xcconfig */,
			);
			path = Pods;
			sourceTree = "<group>";
		};
/* End PBXGroup section */

/* Begin PBXNativeTarget section */
		57C7FE1B27364E420046D27D /* RastreioCorreios */ = {
			isa = PBXNativeTarget;
			buildConfigurationList = 57C7FE3327364E430046D27D /* Build configuration list for PBXNativeTarget "RastreioCorreios" */;
			buildPhases = (
				0107532A1E23076CF7EB30A7 /* [CP] Check Pods Manifest.lock */,
				57C7FE1827364E420046D27D /* Sources */,
				57C7FE1927364E420046D27D /* Frameworks */,
				57C7FE1A27364E420046D27D /* Resources */,
				9E0BA12B9DB1AB03571D2A8A /* [CP] Embed Pods Frameworks */,
			);
			buildRules = (
			);
			dependencies = (
			);
			name = RastreioCorreios;
			productName = CarList;
			productReference = 57C7FE1C27364E420046D27D /* RastreioCorreios.app */;
			productType = "com.apple.product-type.application";
		};
/* End PBXNativeTarget section */

/* Begin PBXProject section */
		57C7FE1427364E420046D27D /* Project object */ = {
			isa = PBXProject;
			attributes = {
				BuildIndependentTargetsInParallel = 1;
				LastSwiftUpdateCheck = 1310;
				LastUpgradeCheck = 1310;
				TargetAttributes = {
					57C7FE1B27364E420046D27D = {
						CreatedOnToolsVersion = 13.1;
					};
				};
			};
			buildConfigurationList = 57C7FE1727364E420046D27D /* Build configuration list for PBXProject "RastreioCorreios" */;
			compatibilityVersion = "Xcode 13.0";
			developmentRegion = en;
			hasScannedForEncodings = 0;
			knownRegions = (
				en,
				Base,
			);
			mainGroup = 57C7FE1327364E420046D27D;
			productRefGroup = 57C7FE1D27364E420046D27D /* Products */;
			projectDirPath = "";
			projectRoot = "";
			targets = (
				57C7FE1B27364E420046D27D /* RastreioCorreios */,
			);
		};
/* End PBXProject section */

/* Begin PBXResourcesBuildPhase section */
		57C7FE1A27364E420046D27D /* Resources */ = {
			isa = PBXResourcesBuildPhase;
			buildActionMask = 2147483647;
			files = (
				57C7FE2F27364E430046D27D /* LaunchScreen.storyboard in Resources */,
				57C7FE2C27364E430046D27D /* Assets.xcassets in Resources */,
				57C7FE2727364E420046D27D /* Main.storyboard in Resources */,
			);
			runOnlyForDeploymentPostprocessing = 0;
		};
/* End PBXResourcesBuildPhase section */

/* Begin PBXShellScriptBuildPhase section */
		0107532A1E23076CF7EB30A7 /* [CP] Check Pods Manifest.lock */ = {
			isa = PBXShellScriptBuildPhase;
			buildActionMask = 2147483647;
			files = (
			);
			inputFileListPaths = (
			);
			inputPaths = (
				"${PODS_PODFILE_DIR_PATH}/Podfile.lock",
				"${PODS_ROOT}/Manifest.lock",
			);
			name = "[CP] Check Pods Manifest.lock";
			outputFileListPaths = (
			);
			outputPaths = (
				"$(DERIVED_FILE_DIR)/Pods-RastreioCorreios-checkManifestLockResult.txt",
			);
			runOnlyForDeploymentPostprocessing = 0;
			shellPath = /bin/sh;
			shellScript = "diff \"${PODS_PODFILE_DIR_PATH}/Podfile.lock\" \"${PODS_ROOT}/Manifest.lock\" > /dev/null\nif [ $? != 0 ] ; then\n    # print error to STDERR\n    echo \"error: The sandbox is not in sync with the Podfile.lock. Run 'pod install' or update your CocoaPods installation.\" >&2\n    exit 1\nfi\n# This output is used by Xcode 'outputs' to avoid re-running this script phase.\necho \"SUCCESS\" > \"${SCRIPT_OUTPUT_FILE_0}\"\n";
			showEnvVarsInLog = 0;
		};
		9E0BA12B9DB1AB03571D2A8A /* [CP] Embed Pods Frameworks */ = {
			isa = PBXShellScriptBuildPhase;
			buildActionMask = 2147483647;
			files = (
			);
			inputFileListPaths = (
				"${PODS_ROOT}/Target Support Files/Pods-RastreioCorreios/Pods-RastreioCorreios-frameworks-${CONFIGURATION}-input-files.xcfilelist",
			);
			name = "[CP] Embed Pods Frameworks";
			outputFileListPaths = (
				"${PODS_ROOT}/Target Support Files/Pods-RastreioCorreios/Pods-RastreioCorreios-frameworks-${CONFIGURATION}-output-files.xcfilelist",
			);
			runOnlyForDeploymentPostprocessing = 0;
			shellPath = /bin/sh;
			shellScript = "\"${PODS_ROOT}/Target Support Files/Pods-RastreioCorreios/Pods-RastreioCorreios-frameworks.sh\"\n";
			showEnvVarsInLog = 0;
		};
/* End PBXShellScriptBuildPhase section */

/* Begin PBXSourcesBuildPhase section */
		57C7FE1827364E420046D27D /* Sources */ = {
			isa = PBXSourcesBuildPhase;
			buildActionMask = 2147483647;
			files = (
				5700F9CD27365B650033E0F3 /* PackageStruct.swift in Sources */,
				57C7FE2027364E420046D27D /* AppDelegate.swift in Sources */,
				5700F9CF27365C4D0033E0F3 /* EventStruct.swift in Sources */,
				57C7FE2A27364E420046D27D /* CarList.xcdatamodeld in Sources */,
				57C7FE2227364E420046D27D /* SceneDelegate.swift in Sources */,
				5700F9C7273654CD0033E0F3 /* PackageListViewController.swift in Sources */,
				5700F9CA27365AB50033E0F3 /* PackageTableViewCell.swift in Sources */,
			);
			runOnlyForDeploymentPostprocessing = 0;
		};
/* End PBXSourcesBuildPhase section */

/* Begin PBXVariantGroup section */
		57C7FE2527364E420046D27D /* Main.storyboard */ = {
			isa = PBXVariantGroup;
			children = (
				57C7FE2627364E420046D27D /* Base */,
			);
			name = Main.storyboard;
			sourceTree = "<group>";
		};
		57C7FE2D27364E430046D27D /* LaunchScreen.storyboard */ = {
			isa = PBXVariantGroup;
			children = (
				57C7FE2E27364E430046D27D /* Base */,
			);
			name = LaunchScreen.storyboard;
			sourceTree = "<group>";
		};
/* End PBXVariantGroup section */

/* Begin XCBuildConfiguration section */
		57C7FE3127364E430046D27D /* Debug */ = {
			isa = XCBuildConfiguration;
			buildSettings = {
				ALWAYS_SEARCH_USER_PATHS = NO;
				CLANG_ANALYZER_NONNULL = YES;
				CLANG_ANALYZER_NUMBER_OBJECT_CONVERSION = YES_AGGRESSIVE;
				CLANG_CXX_LANGUAGE_STANDARD = "gnu++17";
				CLANG_CXX_LIBRARY = "libc++";
				CLANG_ENABLE_MODULES = YES;
				CLANG_ENABLE_OBJC_ARC = YES;
				CLANG_ENABLE_OBJC_WEAK = YES;
				CLANG_WARN_BLOCK_CAPTURE_AUTORELEASING = YES;
				CLANG_WARN_BOOL_CONVERSION = YES;
				CLANG_WARN_COMMA = YES;
				CLANG_WARN_CONSTANT_CONVERSION = YES;
				CLANG_WARN_DEPRECATED_OBJC_IMPLEMENTATIONS = YES;
				CLANG_WARN_DIRECT_OBJC_ISA_USAGE = YES_ERROR;
				CLANG_WARN_DOCUMENTATION_COMMENTS = YES;
				CLANG_WARN_EMPTY_BODY = YES;
				CLANG_WARN_ENUM_CONVERSION = YES;
				CLANG_WARN_INFINITE_RECURSION = YES;
				CLANG_WARN_INT_CONVERSION = YES;
				CLANG_WARN_NON_LITERAL_NULL_CONVERSION = YES;
				CLANG_WARN_OBJC_IMPLICIT_RETAIN_SELF = YES;
				CLANG_WARN_OBJC_LITERAL_CONVERSION = YES;
				CLANG_WARN_OBJC_ROOT_CLASS = YES_ERROR;
				CLANG_WARN_QUOTED_INCLUDE_IN_FRAMEWORK_HEADER = YES;
				CLANG_WARN_RANGE_LOOP_ANALYSIS = YES;
				CLANG_WARN_STRICT_PROTOTYPES = YES;
				CLANG_WARN_SUSPICIOUS_MOVE = YES;
				CLANG_WARN_UNGUARDED_AVAILABILITY = YES_AGGRESSIVE;
				CLANG_WARN_UNREACHABLE_CODE = YES;
				CLANG_WARN__DUPLICATE_METHOD_MATCH = YES;
				COPY_PHASE_STRIP = NO;
				DEBUG_INFORMATION_FORMAT = dwarf;
				ENABLE_STRICT_OBJC_MSGSEND = YES;
				ENABLE_TESTABILITY = YES;
				GCC_C_LANGUAGE_STANDARD = gnu11;
				GCC_DYNAMIC_NO_PIC = NO;
				GCC_NO_COMMON_BLOCKS = YES;
				GCC_OPTIMIZATION_LEVEL = 0;
				GCC_PREPROCESSOR_DEFINITIONS = (
					"DEBUG=1",
					"$(inherited)",
				);
				GCC_WARN_64_TO_32_BIT_CONVERSION = YES;
				GCC_WARN_ABOUT_RETURN_TYPE = YES_ERROR;
				GCC_WARN_UNDECLARED_SELECTOR = YES;
				GCC_WARN_UNINITIALIZED_AUTOS = YES_AGGRESSIVE;
				GCC_WARN_UNUSED_FUNCTION = YES;
				GCC_WARN_UNUSED_VARIABLE = YES;
				IPHONEOS_DEPLOYMENT_TARGET = 15.0;
				MTL_ENABLE_DEBUG_INFO = INCLUDE_SOURCE;
				MTL_FAST_MATH = YES;
				ONLY_ACTIVE_ARCH = YES;
				SDKROOT = iphoneos;
				SWIFT_ACTIVE_COMPILATION_CONDITIONS = DEBUG;
				SWIFT_OPTIMIZATION_LEVEL = "-Onone";
			};
			name = Debug;
		};
		57C7FE3227364E430046D27D /* Release */ = {
			isa = XCBuildConfiguration;
			buildSettings = {
				ALWAYS_SEARCH_USER_PATHS = NO;
				CLANG_ANALYZER_NONNULL = YES;
				CLANG_ANALYZER_NUMBER_OBJECT_CONVERSION = YES_AGGRESSIVE;
				CLANG_CXX_LANGUAGE_STANDARD = "gnu++17";
				CLANG_CXX_LIBRARY = "libc++";
				CLANG_ENABLE_MODULES = YES;
				CLANG_ENABLE_OBJC_ARC = YES;
				CLANG_ENABLE_OBJC_WEAK = YES;
				CLANG_WARN_BLOCK_CAPTURE_AUTORELEASING = YES;
				CLANG_WARN_BOOL_CONVERSION = YES;
				CLANG_WARN_COMMA = YES;
				CLANG_WARN_CONSTANT_CONVERSION = YES;
				CLANG_WARN_DEPRECATED_OBJC_IMPLEMENTATIONS = YES;
				CLANG_WARN_DIRECT_OBJC_ISA_USAGE = YES_ERROR;
				CLANG_WARN_DOCUMENTATION_COMMENTS = YES;
				CLANG_WARN_EMPTY_BODY = YES;
				CLANG_WARN_ENUM_CONVERSION = YES;
				CLANG_WARN_INFINITE_RECURSION = YES;
				CLANG_WARN_INT_CONVERSION = YES;
				CLANG_WARN_NON_LITERAL_NULL_CONVERSION = YES;
				CLANG_WARN_OBJC_IMPLICIT_RETAIN_SELF = YES;
				CLANG_WARN_OBJC_LITERAL_CONVERSION = YES;
				CLANG_WARN_OBJC_ROOT_CLASS = YES_ERROR;
				CLANG_WARN_QUOTED_INCLUDE_IN_FRAMEWORK_HEADER = YES;
				CLANG_WARN_RANGE_LOOP_ANALYSIS = YES;
				CLANG_WARN_STRICT_PROTOTYPES = YES;
				CLANG_WARN_SUSPICIOUS_MOVE = YES;
				CLANG_WARN_UNGUARDED_AVAILABILITY = YES_AGGRESSIVE;
				CLANG_WARN_UNREACHABLE_CODE = YES;
				CLANG_WARN__DUPLICATE_METHOD_MATCH = YES;
				COPY_PHASE_STRIP = NO;
				DEBUG_INFORMATION_FORMAT = "dwarf-with-dsym";
				ENABLE_NS_ASSERTIONS = NO;
				ENABLE_STRICT_OBJC_MSGSEND = YES;
				GCC_C_LANGUAGE_STANDARD = gnu11;
				GCC_NO_COMMON_BLOCKS = YES;
				GCC_WARN_64_TO_32_BIT_CONVERSION = YES;
				GCC_WARN_ABOUT_RETURN_TYPE = YES_ERROR;
				GCC_WARN_UNDECLARED_SELECTOR = YES;
				GCC_WARN_UNINITIALIZED_AUTOS = YES_AGGRESSIVE;
				GCC_WARN_UNUSED_FUNCTION = YES;
				GCC_WARN_UNUSED_VARIABLE = YES;
				IPHONEOS_DEPLOYMENT_TARGET = 15.0;
				MTL_ENABLE_DEBUG_INFO = NO;
				MTL_FAST_MATH = YES;
				SDKROOT = iphoneos;
				SWIFT_COMPILATION_MODE = wholemodule;
				SWIFT_OPTIMIZATION_LEVEL = "-O";
				VALIDATE_PRODUCT = YES;
			};
			name = Release;
		};
		57C7FE3427364E430046D27D /* Debug */ = {
			isa = XCBuildConfiguration;
			baseConfigurationReference = 82332E6439956BF35EA9EA85 /* Pods-RastreioCorreios.debug.xcconfig */;
			buildSettings = {
				ASSETCATALOG_COMPILER_APPICON_NAME = AppIcon;
				ASSETCATALOG_COMPILER_GLOBAL_ACCENT_COLOR_NAME = AccentColor;
				CODE_SIGN_STYLE = Automatic;
				CURRENT_PROJECT_VERSION = 1;
				GENERATE_INFOPLIST_FILE = YES;
				INFOPLIST_FILE = CarList/Info.plist;
				INFOPLIST_KEY_UIApplicationSupportsIndirectInputEvents = YES;
				INFOPLIST_KEY_UILaunchStoryboardName = LaunchScreen;
				INFOPLIST_KEY_UIMainStoryboardFile = Main;
				INFOPLIST_KEY_UISupportedInterfaceOrientations_iPad = "UIInterfaceOrientationPortrait UIInterfaceOrientationPortraitUpsideDown UIInterfaceOrientationLandscapeLeft UIInterfaceOrientationLandscapeRight";
				INFOPLIST_KEY_UISupportedInterfaceOrientations_iPhone = "UIInterfaceOrientationPortrait UIInterfaceOrientationLandscapeLeft UIInterfaceOrientationLandscapeRight";
				LD_RUNPATH_SEARCH_PATHS = (
					"$(inherited)",
					"@executable_path/Frameworks",
				);
				MARKETING_VERSION = 1.0;
				PRODUCT_BUNDLE_IDENTIFIER = com.italo.RastreioCorreios;
				PRODUCT_NAME = "$(TARGET_NAME)";
				SWIFT_EMIT_LOC_STRINGS = YES;
				SWIFT_VERSION = 5.0;
				TARGETED_DEVICE_FAMILY = "1,2";
			};
			name = Debug;
		};
		57C7FE3527364E430046D27D /* Release */ = {
			isa = XCBuildConfiguration;
			baseConfigurationReference = 1B7930E25A0FB2E69D3C1443 /* Pods-RastreioCorreios.release.xcconfig */;
			buildSettings = {
				ASSETCATALOG_COMPILER_APPICON_NAME = AppIcon;
				ASSETCATALOG_COMPILER_GLOBAL_ACCENT_COLOR_NAME = AccentColor;
				CODE_SIGN_STYLE = Automatic;
				CURRENT_PROJECT_VERSION = 1;
				GENERATE_INFOPLIST_FILE = YES;
				INFOPLIST_FILE = CarList/Info.plist;
				INFOPLIST_KEY_UIApplicationSupportsIndirectInputEvents = YES;
				INFOPLIST_KEY_UILaunchStoryboardName = LaunchScreen;
				INFOPLIST_KEY_UIMainStoryboardFile = Main;
				INFOPLIST_KEY_UISupportedInterfaceOrientations_iPad = "UIInterfaceOrientationPortrait UIInterfaceOrientationPortraitUpsideDown UIInterfaceOrientationLandscapeLeft UIInterfaceOrientationLandscapeRight";
				INFOPLIST_KEY_UISupportedInterfaceOrientations_iPhone = "UIInterfaceOrientationPortrait UIInterfaceOrientationLandscapeLeft UIInterfaceOrientationLandscapeRight";
				LD_RUNPATH_SEARCH_PATHS = (
					"$(inherited)",
					"@executable_path/Frameworks",
				);
				MARKETING_VERSION = 1.0;
				PRODUCT_BUNDLE_IDENTIFIER = com.italo.RastreioCorreios;
				PRODUCT_NAME = "$(TARGET_NAME)";
				SWIFT_EMIT_LOC_STRINGS = YES;
				SWIFT_VERSION = 5.0;
				TARGETED_DEVICE_FAMILY = "1,2";
			};
			name = Release;
		};
/* End XCBuildConfiguration section */

/* Begin XCConfigurationList section */
		57C7FE1727364E420046D27D /* Build configuration list for PBXProject "RastreioCorreios" */ = {
			isa = XCConfigurationList;
			buildConfigurations = (
				57C7FE3127364E430046D27D /* Debug */,
				57C7FE3227364E430046D27D /* Release */,
			);
			defaultConfigurationIsVisible = 0;
			defaultConfigurationName = Release;
		};
		57C7FE3327364E430046D27D /* Build configuration list for PBXNativeTarget "RastreioCorreios" */ = {
			isa = XCConfigurationList;
			buildConfigurations = (
				57C7FE3427364E430046D27D /* Debug */,
				57C7FE3527364E430046D27D /* Release */,
			);
			defaultConfigurationIsVisible = 0;
			defaultConfigurationName = Release;
		};
/* End XCConfigurationList section */

/* Begin XCVersionGroup section */
		57C7FE2827364E420046D27D /* CarList.xcdatamodeld */ = {
			isa = XCVersionGroup;
			children = (
				57C7FE2927364E420046D27D /* CarList.xcdatamodel */,
			);
			currentVersion = 57C7FE2927364E420046D27D /* CarList.xcdatamodel */;
			path = CarList.xcdatamodeld;
			sourceTree = "<group>";
			versionGroupType = wrapper.xcdatamodel;
		};
/* End XCVersionGroup section */
	};
	rootObject = 57C7FE1427364E420046D27D /* Project object */;
}
